
Microsoft Visual Studio Solution File, Format Version 12.00
# Visual Studio Version 16
VisualStudioVersion = 16.0.31424.327
MinimumVisualStudioVersion = 10.0.40219.1
Project("{FAE04EC0-301F-11D3-BF4B-00C04F79EFBC}") = "LearnPolish", "LearnPolish\LearnPolish.csproj", "{67831941-659C-46EC-8A96-8EB41B867D5B}"
EndProject
Global
	GlobalSection(SolutionConfigurationPlatforms) = preSolution
		Debug|Any CPU = Debug|Any CPU
		Release|Any CPU = Release|Any CPU
	EndGlobalSection
	GlobalSection(ProjectConfigurationPlatforms) = postSolution
		{67831941-659C-46EC-8A96-8EB41B867D5B}.Debug|Any CPU.ActiveCfg = Debug|Any CPU
		{67831941-659C-46EC-8A96-8EB41B867D5B}.Debug|Any CPU.Build.0 = Debug|Any CPU
		{67831941-659C-46EC-8A96-8EB41B867D5B}.Release|Any CPU.ActiveCfg = Release|Any CPU
		{67831941-659C-46EC-8A96-8EB41B867D5B}.Release|Any CPU.Build.0 = Release|Any CPU
	EndGlobalSection
	GlobalSection(SolutionProperties) = preSolution
		HideSolutionNode = FALSE
	EndGlobalSection
	GlobalSection(ExtensibilityGlobals) = postSolution
		SolutionGuid = {3C0E2D1E-B111-4371-949B-608618F52F3B}
	EndGlobalSection
EndGlobal
